
Microsoft Visual Studio Solution File, Format Version 12.00
# Visual Studio 2013
VisualStudioVersion = 12.0.30723.0
MinimumVisualStudioVersion = 10.0.40219.1
Project("{FAE04EC0-301F-11D3-BF4B-00C04F79EFBC}") = "ClubCloud.Afhangen", "ClubCloud.Afhangen\ClubCloud.Afhangen\ClubCloud.Afhangen.csproj", "{34E224E1-C205-423E-9046-1B8D6C08FA0A}"
EndProject
Project("{FAE04EC0-301F-11D3-BF4B-00C04F79EFBC}") = "ClubCloud.Afhangen.UILogic", "ClubCloud.Afhangen\ClubCloud.Afhangen.UILogic\ClubCloud.Afhangen.UILogic.csproj", "{EEB41983-C6A2-445C-8762-9FD2E43FE189}"
EndProject
Global
	GlobalSection(TeamFoundationVersionControl) = preSolution
		SccNumberOfProjects = 3
		SccEnterpriseProvider = {4CA58AB2-18FA-4F8D-95D4-32DDF27D184C}
		SccTeamFoundationServer = https://hemrika.visualstudio.com/defaultcollection
		SccLocalPath0 = .
		SccProjectUniqueName1 = ClubCloud.Afhangen\\ClubCloud.Afhangen.UILogic\\ClubCloud.Afhangen.UILogic.csproj
		SccProjectName1 = ClubCloud.Afhangen/ClubCloud.Afhangen.UILogic
		SccLocalPath1 = ClubCloud.Afhangen\\ClubCloud.Afhangen.UILogic
		SccProjectUniqueName2 = ClubCloud.Afhangen\\ClubCloud.Afhangen\\ClubCloud.Afhangen.csproj
		SccProjectName2 = ClubCloud.Afhangen/ClubCloud.Afhangen
		SccLocalPath2 = ClubCloud.Afhangen\\ClubCloud.Afhangen
	EndGlobalSection
	GlobalSection(SolutionConfigurationPlatforms) = preSolution
		Debug|Any CPU = Debug|Any CPU
		Debug|ARM = Debug|ARM
		Debug|x64 = Debug|x64
		Debug|x86 = Debug|x86
		Release|Any CPU = Release|Any CPU
		Release|ARM = Release|ARM
		Release|x64 = Release|x64
		Release|x86 = Release|x86
	EndGlobalSection
	GlobalSection(ProjectConfigurationPlatforms) = postSolution
		{34E224E1-C205-423E-9046-1B8D6C08FA0A}.Debug|Any CPU.ActiveCfg = Debug|Any CPU
		{34E224E1-C205-423E-9046-1B8D6C08FA0A}.Debug|Any CPU.Build.0 = Debug|Any CPU
		{34E224E1-C205-423E-9046-1B8D6C08FA0A}.Debug|Any CPU.Deploy.0 = Debug|Any CPU
		{34E224E1-C205-423E-9046-1B8D6C08FA0A}.Debug|ARM.ActiveCfg = Debug|ARM
		{34E224E1-C205-423E-9046-1B8D6C08FA0A}.Debug|ARM.Build.0 = Debug|ARM
		{34E224E1-C205-423E-9046-1B8D6C08FA0A}.Debug|ARM.Deploy.0 = Debug|ARM
		{34E224E1-C205-423E-9046-1B8D6C08FA0A}.Debug|x64.ActiveCfg = Debug|x64
		{34E224E1-C205-423E-9046-1B8D6C08FA0A}.Debug|x64.Build.0 = Debug|x64
		{34E224E1-C205-423E-9046-1B8D6C08FA0A}.Debug|x64.Deploy.0 = Debug|x64
		{34E224E1-C205-423E-9046-1B8D6C08FA0A}.Debug|x86.ActiveCfg = Debug|x86
		{34E224E1-C205-423E-9046-1B8D6C08FA0A}.Debug|x86.Build.0 = Debug|x86
		{34E224E1-C205-423E-9046-1B8D6C08FA0A}.Debug|x86.Deploy.0 = Debug|x86
		{34E224E1-C205-423E-9046-1B8D6C08FA0A}.Release|Any CPU.ActiveCfg = Release|Any CPU
		{34E224E1-C205-423E-9046-1B8D6C08FA0A}.Release|Any CPU.Build.0 = Release|Any CPU
		{34E224E1-C205-423E-9046-1B8D6C08FA0A}.Release|Any CPU.Deploy.0 = Release|Any CPU
		{34E224E1-C205-423E-9046-1B8D6C08FA0A}.Release|ARM.ActiveCfg = Release|ARM
		{34E224E1-C205-423E-9046-1B8D6C08FA0A}.Release|ARM.Build.0 = Release|ARM
		{34E224E1-C205-423E-9046-1B8D6C08FA0A}.Release|ARM.Deploy.0 = Release|ARM
		{34E224E1-C205-423E-9046-1B8D6C08FA0A}.Release|x64.ActiveCfg = Release|x64
		{34E224E1-C205-423E-9046-1B8D6C08FA0A}.Release|x64.Build.0 = Release|x64
		{34E224E1-C205-423E-9046-1B8D6C08FA0A}.Release|x64.Deploy.0 = Release|x64
		{34E224E1-C205-423E-9046-1B8D6C08FA0A}.Release|x86.ActiveCfg = Release|x86
		{34E224E1-C205-423E-9046-1B8D6C08FA0A}.Release|x86.Build.0 = Release|x86
		{34E224E1-C205-423E-9046-1B8D6C08FA0A}.Release|x86.Deploy.0 = Release|x86
		{EEB41983-C6A2-445C-8762-9FD2E43FE189}.Debug|Any CPU.ActiveCfg = Debug|Any CPU
		{EEB41983-C6A2-445C-8762-9FD2E43FE189}.Debug|Any CPU.Build.0 = Debug|Any CPU
		{EEB41983-C6A2-445C-8762-9FD2E43FE189}.Debug|ARM.ActiveCfg = Debug|ARM
		{EEB41983-C6A2-445C-8762-9FD2E43FE189}.Debug|ARM.Build.0 = Debug|ARM
		{EEB41983-C6A2-445C-8762-9FD2E43FE189}.Debug|x64.ActiveCfg = Debug|x64
		{EEB41983-C6A2-445C-8762-9FD2E43FE189}.Debug|x64.Build.0 = Debug|x64
		{EEB41983-C6A2-445C-8762-9FD2E43FE189}.Debug|x86.ActiveCfg = Debug|x86
		{EEB41983-C6A2-445C-8762-9FD2E43FE189}.Debug|x86.Build.0 = Debug|x86
		{EEB41983-C6A2-445C-8762-9FD2E43FE189}.Release|Any CPU.ActiveCfg = Release|Any CPU
		{EEB41983-C6A2-445C-8762-9FD2E43FE189}.Release|Any CPU.Build.0 = Release|Any CPU
		{EEB41983-C6A2-445C-8762-9FD2E43FE189}.Release|ARM.ActiveCfg = Release|ARM
		{EEB41983-C6A2-445C-8762-9FD2E43FE189}.Release|ARM.Build.0 = Release|ARM
		{EEB41983-C6A2-445C-8762-9FD2E43FE189}.Release|x64.ActiveCfg = Release|x64
		{EEB41983-C6A2-445C-8762-9FD2E43FE189}.Release|x64.Build.0 = Release|x64
		{EEB41983-C6A2-445C-8762-9FD2E43FE189}.Release|x86.ActiveCfg = Release|x86
		{EEB41983-C6A2-445C-8762-9FD2E43FE189}.Release|x86.Build.0 = Release|x86
	EndGlobalSection
	GlobalSection(SolutionProperties) = preSolution
		HideSolutionNode = FALSE
	EndGlobalSection
EndGlobal
